// !$*UTF8*$!
{
	archiveVersion = 1;
	classes = {
	};
	objectVersion = 46;
	objects = {

/* Begin PBXBuildFile section */
		F51F59901E70310200EAC861 /* AddAllarmViewController.swift in Sources */ = {isa = PBXBuildFile; fileRef = F51F598F1E70310200EAC861 /* AddAllarmViewController.swift */; };
		F51F59921E70343B00EAC861 /* Allarm.swift in Sources */ = {isa = PBXBuildFile; fileRef = F51F59911E70343B00EAC861 /* Allarm.swift */; };
		F51F59951E70377200EAC861 /* AllarmScheduler.swift in Sources */ = {isa = PBXBuildFile; fileRef = F51F59941E70377200EAC861 /* AllarmScheduler.swift */; };
		F51F59971E70495000EAC861 /* bg.png in Resources */ = {isa = PBXBuildFile; fileRef = F51F59961E70495000EAC861 /* bg.png */; };
		F566A57E1E6FF2830026DA75 /* sound2.mp3 in Resources */ = {isa = PBXBuildFile; fileRef = F566A57D1E6FF2830026DA75 /* sound2.mp3 */; };
		F5A846AD1E6E1BD1008C7032 /* AppDelegate.swift in Sources */ = {isa = PBXBuildFile; fileRef = F5A846AC1E6E1BD1008C7032 /* AppDelegate.swift */; };
		F5A846AF1E6E1BD1008C7032 /* ViewController.swift in Sources */ = {isa = PBXBuildFile; fileRef = F5A846AE1E6E1BD1008C7032 /* ViewController.swift */; };
		F5A846B21E6E1BD1008C7032 /* Main.storyboard in Resources */ = {isa = PBXBuildFile; fileRef = F5A846B01E6E1BD1008C7032 /* Main.storyboard */; };
		F5A846B41E6E1BD1008C7032 /* Assets.xcassets in Resources */ = {isa = PBXBuildFile; fileRef = F5A846B31E6E1BD1008C7032 /* Assets.xcassets */; };
		F5A846B71E6E1BD1008C7032 /* LaunchScreen.storyboard in Resources */ = {isa = PBXBuildFile; fileRef = F5A846B51E6E1BD1008C7032 /* LaunchScreen.storyboard */; };
		F5A846C21E6E1BD1008C7032 /* SvegliaTreniTests.swift in Sources */ = {isa = PBXBuildFile; fileRef = F5A846C11E6E1BD1008C7032 /* SvegliaTreniTests.swift */; };
		F5A846CD1E6E1BD1008C7032 /* SvegliaTreniUITests.swift in Sources */ = {isa = PBXBuildFile; fileRef = F5A846CC1E6E1BD1008C7032 /* SvegliaTreniUITests.swift */; };
		F5FC846A1E716C43008EFB23 /* tornadoSiren.mp3 in Resources */ = {isa = PBXBuildFile; fileRef = F5FC84691E716C43008EFB23 /* tornadoSiren.mp3 */; };
		F5FC846C1E716D32008EFB23 /* SelectRingtoneViewController.swift in Sources */ = {isa = PBXBuildFile; fileRef = F5FC846B1E716D32008EFB23 /* SelectRingtoneViewController.swift */; };
/* End PBXBuildFile section */

/* Begin PBXContainerItemProxy section */
		F5A846BE1E6E1BD1008C7032 /* PBXContainerItemProxy */ = {
			isa = PBXContainerItemProxy;
			containerPortal = F5A846A11E6E1BD1008C7032 /* Project object */;
			proxyType = 1;
			remoteGlobalIDString = F5A846A81E6E1BD1008C7032;
			remoteInfo = SvegliaTreni;
		};
		F5A846C91E6E1BD1008C7032 /* PBXContainerItemProxy */ = {
			isa = PBXContainerItemProxy;
			containerPortal = F5A846A11E6E1BD1008C7032 /* Project object */;
			proxyType = 1;
			remoteGlobalIDString = F5A846A81E6E1BD1008C7032;
			remoteInfo = SvegliaTreni;
		};
/* End PBXContainerItemProxy section */

/* Begin PBXFileReference section */
		F51F598F1E70310200EAC861 /* AddAllarmViewController.swift */ = {isa = PBXFileReference; fileEncoding = 4; lastKnownFileType = sourcecode.swift; path = AddAllarmViewController.swift; sourceTree = "<group>"; };
		F51F59911E70343B00EAC861 /* Allarm.swift */ = {isa = PBXFileReference; fileEncoding = 4; lastKnownFileType = sourcecode.swift; path = Allarm.swift; sourceTree = "<group>"; };
		F51F59941E70377200EAC861 /* AllarmScheduler.swift */ = {isa = PBXFileReference; fileEncoding = 4; lastKnownFileType = sourcecode.swift; path = AllarmScheduler.swift; sourceTree = "<group>"; };
		F51F59961E70495000EAC861 /* bg.png */ = {isa = PBXFileReference; lastKnownFileType = image.png; path = bg.png; sourceTree = "<group>"; };
		F566A57D1E6FF2830026DA75 /* sound2.mp3 */ = {isa = PBXFileReference; lastKnownFileType = audio.mp3; path = sound2.mp3; sourceTree = "<group>"; };
		F5A846A91E6E1BD1008C7032 /* SvegliaTreni.app */ = {isa = PBXFileReference; explicitFileType = wrapper.application; includeInIndex = 0; path = SvegliaTreni.app; sourceTree = BUILT_PRODUCTS_DIR; };
		F5A846AC1E6E1BD1008C7032 /* AppDelegate.swift */ = {isa = PBXFileReference; lastKnownFileType = sourcecode.swift; path = AppDelegate.swift; sourceTree = "<group>"; };
		F5A846AE1E6E1BD1008C7032 /* ViewController.swift */ = {isa = PBXFileReference; lastKnownFileType = sourcecode.swift; path = ViewController.swift; sourceTree = "<group>"; };
		F5A846B11E6E1BD1008C7032 /* Base */ = {isa = PBXFileReference; lastKnownFileType = file.storyboard; name = Base; path = Base.lproj/Main.storyboard; sourceTree = "<group>"; };
		F5A846B31E6E1BD1008C7032 /* Assets.xcassets */ = {isa = PBXFileReference; lastKnownFileType = folder.assetcatalog; path = Assets.xcassets; sourceTree = "<group>"; };
		F5A846B61E6E1BD1008C7032 /* Base */ = {isa = PBXFileReference; lastKnownFileType = file.storyboard; name = Base; path = Base.lproj/LaunchScreen.storyboard; sourceTree = "<group>"; };
		F5A846B81E6E1BD1008C7032 /* Info.plist */ = {isa = PBXFileReference; lastKnownFileType = text.plist.xml; path = Info.plist; sourceTree = "<group>"; };
		F5A846BD1E6E1BD1008C7032 /* SvegliaTreniTests.xctest */ = {isa = PBXFileReference; explicitFileType = wrapper.cfbundle; includeInIndex = 0; path = SvegliaTreniTests.xctest; sourceTree = BUILT_PRODUCTS_DIR; };
		F5A846C11E6E1BD1008C7032 /* SvegliaTreniTests.swift */ = {isa = PBXFileReference; lastKnownFileType = sourcecode.swift; path = SvegliaTreniTests.swift; sourceTree = "<group>"; };
		F5A846C31E6E1BD1008C7032 /* Info.plist */ = {isa = PBXFileReference; lastKnownFileType = text.plist.xml; path = Info.plist; sourceTree = "<group>"; };
		F5A846C81E6E1BD1008C7032 /* SvegliaTreniUITests.xctest */ = {isa = PBXFileReference; explicitFileType = wrapper.cfbundle; includeInIndex = 0; path = SvegliaTreniUITests.xctest; sourceTree = BUILT_PRODUCTS_DIR; };
		F5A846CC1E6E1BD1008C7032 /* SvegliaTreniUITests.swift */ = {isa = PBXFileReference; lastKnownFileType = sourcecode.swift; path = SvegliaTreniUITests.swift; sourceTree = "<group>"; };
		F5A846CE1E6E1BD1008C7032 /* Info.plist */ = {isa = PBXFileReference; lastKnownFileType = text.plist.xml; path = Info.plist; sourceTree = "<group>"; };
		F5FC84691E716C43008EFB23 /* tornadoSiren.mp3 */ = {isa = PBXFileReference; lastKnownFileType = audio.mp3; path = tornadoSiren.mp3; sourceTree = "<group>"; };
		F5FC846B1E716D32008EFB23 /* SelectRingtoneViewController.swift */ = {isa = PBXFileReference; fileEncoding = 4; lastKnownFileType = sourcecode.swift; path = SelectRingtoneViewController.swift; sourceTree = "<group>"; };
/* End PBXFileReference section */

/* Begin PBXFrameworksBuildPhase section */
		F5A846A61E6E1BD1008C7032 /* Frameworks */ = {
			isa = PBXFrameworksBuildPhase;
			buildActionMask = 2147483647;
			files = (
			);
			runOnlyForDeploymentPostprocessing = 0;
		};
		F5A846BA1E6E1BD1008C7032 /* Frameworks */ = {
			isa = PBXFrameworksBuildPhase;
			buildActionMask = 2147483647;
			files = (
			);
			runOnlyForDeploymentPostprocessing = 0;
		};
		F5A846C51E6E1BD1008C7032 /* Frameworks */ = {
			isa = PBXFrameworksBuildPhase;
			buildActionMask = 2147483647;
			files = (
			);
			runOnlyForDeploymentPostprocessing = 0;
		};
/* End PBXFrameworksBuildPhase section */

/* Begin PBXGroup section */
		F51F59931E70375100EAC861 /* SupportClasses */ = {
			isa = PBXGroup;
			children = (
				F51F59911E70343B00EAC861 /* Allarm.swift */,
				F51F59941E70377200EAC861 /* AllarmScheduler.swift */,
			);
			name = SupportClasses;
			sourceTree = "<group>";
		};
		F5A846A01E6E1BD1008C7032 = {
			isa = PBXGroup;
			children = (
				F5A846AB1E6E1BD1008C7032 /* SvegliaTreni */,
				F5A846C01E6E1BD1008C7032 /* SvegliaTreniTests */,
				F5A846CB1E6E1BD1008C7032 /* SvegliaTreniUITests */,
				F5A846AA1E6E1BD1008C7032 /* Products */,
			);
			sourceTree = "<group>";
		};
		F5A846AA1E6E1BD1008C7032 /* Products */ = {
			isa = PBXGroup;
			children = (
				F5A846A91E6E1BD1008C7032 /* SvegliaTreni.app */,
				F5A846BD1E6E1BD1008C7032 /* SvegliaTreniTests.xctest */,
				F5A846C81E6E1BD1008C7032 /* SvegliaTreniUITests.xctest */,
			);
			name = Products;
			sourceTree = "<group>";
		};
		F5A846AB1E6E1BD1008C7032 /* SvegliaTreni */ = {
			isa = PBXGroup;
			children = (
				F51F59931E70375100EAC861 /* SupportClasses */,
				F5A846AC1E6E1BD1008C7032 /* AppDelegate.swift */,
				F51F598F1E70310200EAC861 /* AddAllarmViewController.swift */,
				F5A846AE1E6E1BD1008C7032 /* ViewController.swift */,
				F5A846B01E6E1BD1008C7032 /* Main.storyboard */,
				F5FC846B1E716D32008EFB23 /* SelectRingtoneViewController.swift */,
				F5A846B31E6E1BD1008C7032 /* Assets.xcassets */,
				F5A846B51E6E1BD1008C7032 /* LaunchScreen.storyboard */,
				F5A846B81E6E1BD1008C7032 /* Info.plist */,
				F51F59961E70495000EAC861 /* bg.png */,
				F5FC84691E716C43008EFB23 /* tornadoSiren.mp3 */,
				F566A57D1E6FF2830026DA75 /* sound2.mp3 */,
			);
			path = SvegliaTreni;
			sourceTree = "<group>";
		};
		F5A846C01E6E1BD1008C7032 /* SvegliaTreniTests */ = {
			isa = PBXGroup;
			children = (
				F5A846C11E6E1BD1008C7032 /* SvegliaTreniTests.swift */,
				F5A846C31E6E1BD1008C7032 /* Info.plist */,
			);
			path = SvegliaTreniTests;
			sourceTree = "<group>";
		};
		F5A846CB1E6E1BD1008C7032 /* SvegliaTreniUITests */ = {
			isa = PBXGroup;
			children = (
				F5A846CC1E6E1BD1008C7032 /* SvegliaTreniUITests.swift */,
				F5A846CE1E6E1BD1008C7032 /* Info.plist */,
			);
			path = SvegliaTreniUITests;
			sourceTree = "<group>";
		};
/* End PBXGroup section */

/* Begin PBXNativeTarget section */
		F5A846A81E6E1BD1008C7032 /* SvegliaTreni */ = {
			isa = PBXNativeTarget;
			buildConfigurationList = F5A846D11E6E1BD1008C7032 /* Build configuration list for PBXNativeTarget "SvegliaTreni" */;
			buildPhases = (
				F5A846A51E6E1BD1008C7032 /* Sources */,
				F5A846A61E6E1BD1008C7032 /* Frameworks */,
				F5A846A71E6E1BD1008C7032 /* Resources */,
			);
			buildRules = (
			);
			dependencies = (
			);
			name = SvegliaTreni;
			productName = SvegliaTreni;
			productReference = F5A846A91E6E1BD1008C7032 /* SvegliaTreni.app */;
			productType = "com.apple.product-type.application";
		};
		F5A846BC1E6E1BD1008C7032 /* SvegliaTreniTests */ = {
			isa = PBXNativeTarget;
			buildConfigurationList = F5A846D41E6E1BD1008C7032 /* Build configuration list for PBXNativeTarget "SvegliaTreniTests" */;
			buildPhases = (
				F5A846B91E6E1BD1008C7032 /* Sources */,
				F5A846BA1E6E1BD1008C7032 /* Frameworks */,
				F5A846BB1E6E1BD1008C7032 /* Resources */,
			);
			buildRules = (
			);
			dependencies = (
				F5A846BF1E6E1BD1008C7032 /* PBXTargetDependency */,
			);
			name = SvegliaTreniTests;
			productName = SvegliaTreniTests;
			productReference = F5A846BD1E6E1BD1008C7032 /* SvegliaTreniTests.xctest */;
			productType = "com.apple.product-type.bundle.unit-test";
		};
		F5A846C71E6E1BD1008C7032 /* SvegliaTreniUITests */ = {
			isa = PBXNativeTarget;
			buildConfigurationList = F5A846D71E6E1BD1008C7032 /* Build configuration list for PBXNativeTarget "SvegliaTreniUITests" */;
			buildPhases = (
				F5A846C41E6E1BD1008C7032 /* Sources */,
				F5A846C51E6E1BD1008C7032 /* Frameworks */,
				F5A846C61E6E1BD1008C7032 /* Resources */,
			);
			buildRules = (
			);
			dependencies = (
				F5A846CA1E6E1BD1008C7032 /* PBXTargetDependency */,
			);
			name = SvegliaTreniUITests;
			productName = SvegliaTreniUITests;
			productReference = F5A846C81E6E1BD1008C7032 /* SvegliaTreniUITests.xctest */;
			productType = "com.apple.product-type.bundle.ui-testing";
		};
/* End PBXNativeTarget section */

/* Begin PBXProject section */
		F5A846A11E6E1BD1008C7032 /* Project object */ = {
			isa = PBXProject;
			attributes = {
				LastSwiftUpdateCheck = 0730;
				LastUpgradeCheck = 0730;
				ORGANIZATIONNAME = Adel;
				TargetAttributes = {
					F5A846A81E6E1BD1008C7032 = {
						CreatedOnToolsVersion = 7.3.1;
						LastSwiftMigration = 0820;
					};
					F5A846BC1E6E1BD1008C7032 = {
						CreatedOnToolsVersion = 7.3.1;
						LastSwiftMigration = 0820;
						TestTargetID = F5A846A81E6E1BD1008C7032;
					};
					F5A846C71E6E1BD1008C7032 = {
						CreatedOnToolsVersion = 7.3.1;
						LastSwiftMigration = 0820;
						TestTargetID = F5A846A81E6E1BD1008C7032;
					};
				};
			};
			buildConfigurationList = F5A846A41E6E1BD1008C7032 /* Build configuration list for PBXProject "SvegliaTreni" */;
			compatibilityVersion = "Xcode 3.2";
			developmentRegion = English;
			hasScannedForEncodings = 0;
			knownRegions = (
				en,
				Base,
			);
			mainGroup = F5A846A01E6E1BD1008C7032;
			productRefGroup = F5A846AA1E6E1BD1008C7032 /* Products */;
			projectDirPath = "";
			projectRoot = "";
			targets = (
				F5A846A81E6E1BD1008C7032 /* SvegliaTreni */,
				F5A846BC1E6E1BD1008C7032 /* SvegliaTreniTests */,
				F5A846C71E6E1BD1008C7032 /* SvegliaTreniUITests */,
			);
		};
/* End PBXProject section */

/* Begin PBXResourcesBuildPhase section */
		F5A846A71E6E1BD1008C7032 /* Resources */ = {
			isa = PBXResourcesBuildPhase;
			buildActionMask = 2147483647;
			files = (
				F5FC846A1E716C43008EFB23 /* tornadoSiren.mp3 in Resources */,
				F566A57E1E6FF2830026DA75 /* sound2.mp3 in Resources */,
				F51F59971E70495000EAC861 /* bg.png in Resources */,
				F5A846B71E6E1BD1008C7032 /* LaunchScreen.storyboard in Resources */,
				F5A846B41E6E1BD1008C7032 /* Assets.xcassets in Resources */,
				F5A846B21E6E1BD1008C7032 /* Main.storyboard in Resources */,
			);
			runOnlyForDeploymentPostprocessing = 0;
		};
		F5A846BB1E6E1BD1008C7032 /* Resources */ = {
			isa = PBXResourcesBuildPhase;
			buildActionMask = 2147483647;
			files = (
			);
			runOnlyForDeploymentPostprocessing = 0;
		};
		F5A846C61E6E1BD1008C7032 /* Resources */ = {
			isa = PBXResourcesBuildPhase;
			buildActionMask = 2147483647;
			files = (
			);
			runOnlyForDeploymentPostprocessing = 0;
		};
/* End PBXResourcesBuildPhase section */

/* Begin PBXSourcesBuildPhase section */
		F5A846A51E6E1BD1008C7032 /* Sources */ = {
			isa = PBXSourcesBuildPhase;
			buildActionMask = 2147483647;
			files = (
				F51F59921E70343B00EAC861 /* Allarm.swift in Sources */,
				F51F59901E70310200EAC861 /* AddAllarmViewController.swift in Sources */,
				F5A846AF1E6E1BD1008C7032 /* ViewController.swift in Sources */,
				F5A846AD1E6E1BD1008C7032 /* AppDelegate.swift in Sources */,
				F5FC846C1E716D32008EFB23 /* SelectRingtoneViewController.swift in Sources */,
				F51F59951E70377200EAC861 /* AllarmScheduler.swift in Sources */,
			);
			runOnlyForDeploymentPostprocessing = 0;
		};
		F5A846B91E6E1BD1008C7032 /* Sources */ = {
			isa = PBXSourcesBuildPhase;
			buildActionMask = 2147483647;
			files = (
				F5A846C21E6E1BD1008C7032 /* SvegliaTreniTests.swift in Sources */,
			);
			runOnlyForDeploymentPostprocessing = 0;
		};
		F5A846C41E6E1BD1008C7032 /* Sources */ = {
			isa = PBXSourcesBuildPhase;
			buildActionMask = 2147483647;
			files = (
				F5A846CD1E6E1BD1008C7032 /* SvegliaTreniUITests.swift in Sources */,
			);
			runOnlyForDeploymentPostprocessing = 0;
		};
/* End PBXSourcesBuildPhase section */

/* Begin PBXTargetDependency section */
		F5A846BF1E6E1BD1008C7032 /* PBXTargetDependency */ = {
			isa = PBXTargetDependency;
			target = F5A846A81E6E1BD1008C7032 /* SvegliaTreni */;
			targetProxy = F5A846BE1E6E1BD1008C7032 /* PBXContainerItemProxy */;
		};
		F5A846CA1E6E1BD1008C7032 /* PBXTargetDependency */ = {
			isa = PBXTargetDependency;
			target = F5A846A81E6E1BD1008C7032 /* SvegliaTreni */;
			targetProxy = F5A846C91E6E1BD1008C7032 /* PBXContainerItemProxy */;
		};
/* End PBXTargetDependency section */

/* Begin PBXVariantGroup section */
		F5A846B01E6E1BD1008C7032 /* Main.storyboard */ = {
			isa = PBXVariantGroup;
			children = (
				F5A846B11E6E1BD1008C7032 /* Base */,
			);
			name = Main.storyboard;
			sourceTree = "<group>";
		};
		F5A846B51E6E1BD1008C7032 /* LaunchScreen.storyboard */ = {
			isa = PBXVariantGroup;
			children = (
				F5A846B61E6E1BD1008C7032 /* Base */,
			);
			name = LaunchScreen.storyboard;
			sourceTree = "<group>";
		};
/* End PBXVariantGroup section */

/* Begin XCBuildConfiguration section */
		F5A846CF1E6E1BD1008C7032 /* Debug */ = {
			isa = XCBuildConfiguration;
			buildSettings = {
				ALWAYS_SEARCH_USER_PATHS = NO;
				CLANG_ANALYZER_NONNULL = YES;
				CLANG_CXX_LANGUAGE_STANDARD = "gnu++0x";
				CLANG_CXX_LIBRARY = "libc++";
				CLANG_ENABLE_MODULES = YES;
				CLANG_ENABLE_OBJC_ARC = YES;
				CLANG_WARN_BOOL_CONVERSION = YES;
				CLANG_WARN_CONSTANT_CONVERSION = YES;
				CLANG_WARN_DIRECT_OBJC_ISA_USAGE = YES_ERROR;
				CLANG_WARN_EMPTY_BODY = YES;
				CLANG_WARN_ENUM_CONVERSION = YES;
				CLANG_WARN_INT_CONVERSION = YES;
				CLANG_WARN_OBJC_ROOT_CLASS = YES_ERROR;
				CLANG_WARN_UNREACHABLE_CODE = YES;
				CLANG_WARN__DUPLICATE_METHOD_MATCH = YES;
				"CODE_SIGN_IDENTITY[sdk=iphoneos*]" = "iPhone Developer";
				COPY_PHASE_STRIP = NO;
				DEBUG_INFORMATION_FORMAT = dwarf;
				ENABLE_STRICT_OBJC_MSGSEND = YES;
				ENABLE_TESTABILITY = YES;
				GCC_C_LANGUAGE_STANDARD = gnu99;
				GCC_DYNAMIC_NO_PIC = NO;
				GCC_NO_COMMON_BLOCKS = YES;
				GCC_OPTIMIZATION_LEVEL = 0;
				GCC_PREPROCESSOR_DEFINITIONS = (
					"DEBUG=1",
					"$(inherited)",
				);
				GCC_WARN_64_TO_32_BIT_CONVERSION = YES;
				GCC_WARN_ABOUT_RETURN_TYPE = YES_ERROR;
				GCC_WARN_UNDECLARED_SELECTOR = YES;
				GCC_WARN_UNINITIALIZED_AUTOS = YES_AGGRESSIVE;
				GCC_WARN_UNUSED_FUNCTION = YES;
				GCC_WARN_UNUSED_VARIABLE = YES;
				IPHONEOS_DEPLOYMENT_TARGET = 9.3;
				MTL_ENABLE_DEBUG_INFO = YES;
				ONLY_ACTIVE_ARCH = YES;
				SDKROOT = iphoneos;
				SWIFT_OPTIMIZATION_LEVEL = "-Onone";
				TARGETED_DEVICE_FAMILY = "1,2";
			};
			name = Debug;
		};
		F5A846D01E6E1BD1008C7032 /* Release */ = {
			isa = XCBuildConfiguration;
			buildSettings = {
				ALWAYS_SEARCH_USER_PATHS = NO;
				CLANG_ANALYZER_NONNULL = YES;
				CLANG_CXX_LANGUAGE_STANDARD = "gnu++0x";
				CLANG_CXX_LIBRARY = "libc++";
				CLANG_ENABLE_MODULES = YES;
				CLANG_ENABLE_OBJC_ARC = YES;
				CLANG_WARN_BOOL_CONVERSION = YES;
				CLANG_WARN_CONSTANT_CONVERSION = YES;
				CLANG_WARN_DIRECT_OBJC_ISA_USAGE = YES_ERROR;
				CLANG_WARN_EMPTY_BODY = YES;
				CLANG_WARN_ENUM_CONVERSION = YES;
				CLANG_WARN_INT_CONVERSION = YES;
				CLANG_WARN_OBJC_ROOT_CLASS = YES_ERROR;
				CLANG_WARN_UNREACHABLE_CODE = YES;
				CLANG_WARN__DUPLICATE_METHOD_MATCH = YES;
				"CODE_SIGN_IDENTITY[sdk=iphoneos*]" = "iPhone Developer";
				COPY_PHASE_STRIP = NO;
				DEBUG_INFORMATION_FORMAT = "dwarf-with-dsym";
				ENABLE_NS_ASSERTIONS = NO;
				ENABLE_STRICT_OBJC_MSGSEND = YES;
				GCC_C_LANGUAGE_STANDARD = gnu99;
				GCC_NO_COMMON_BLOCKS = YES;
				GCC_WARN_64_TO_32_BIT_CONVERSION = YES;
				GCC_WARN_ABOUT_RETURN_TYPE = YES_ERROR;
				GCC_WARN_UNDECLARED_SELECTOR = YES;
				GCC_WARN_UNINITIALIZED_AUTOS = YES_AGGRESSIVE;
				GCC_WARN_UNUSED_FUNCTION = YES;
				GCC_WARN_UNUSED_VARIABLE = YES;
				IPHONEOS_DEPLOYMENT_TARGET = 9.3;
				MTL_ENABLE_DEBUG_INFO = NO;
				SDKROOT = iphoneos;
				TARGETED_DEVICE_FAMILY = "1,2";
				VALIDATE_PRODUCT = YES;
			};
			name = Release;
		};
		F5A846D21E6E1BD1008C7032 /* Debug */ = {
			isa = XCBuildConfiguration;
			buildSettings = {
				ASSETCATALOG_COMPILER_APPICON_NAME = AppIcon;
				INFOPLIST_FILE = SvegliaTreni/Info.plist;
				IPHONEOS_DEPLOYMENT_TARGET = 10.0;
				LD_RUNPATH_SEARCH_PATHS = "$(inherited) @executable_path/Frameworks";
				PRODUCT_BUNDLE_IDENTIFIER = Adel.SvegliaTreni;
				PRODUCT_NAME = "$(TARGET_NAME)";
				SWIFT_VERSION = 3.0;
			};
			name = Debug;
		};
		F5A846D31E6E1BD1008C7032 /* Release */ = {
			isa = XCBuildConfiguration;
			buildSettings = {
				ASSETCATALOG_COMPILER_APPICON_NAME = AppIcon;
				INFOPLIST_FILE = SvegliaTreni/Info.plist;
				IPHONEOS_DEPLOYMENT_TARGET = 10.0;
				LD_RUNPATH_SEARCH_PATHS = "$(inherited) @executable_path/Frameworks";
				PRODUCT_BUNDLE_IDENTIFIER = Adel.SvegliaTreni;
				PRODUCT_NAME = "$(TARGET_NAME)";
				SWIFT_VERSION = 3.0;
			};
			name = Release;
		};
		F5A846D51E6E1BD1008C7032 /* Debug */ = {
			isa = XCBuildConfiguration;
			buildSettings = {
				BUNDLE_LOADER = "$(TEST_HOST)";
				INFOPLIST_FILE = SvegliaTreniTests/Info.plist;
				LD_RUNPATH_SEARCH_PATHS = "$(inherited) @executable_path/Frameworks @loader_path/Frameworks";
				PRODUCT_BUNDLE_IDENTIFIER = Adel.SvegliaTreniTests;
				PRODUCT_NAME = "$(TARGET_NAME)";
				SWIFT_VERSION = 3.0;
				TEST_HOST = "$(BUILT_PRODUCTS_DIR)/SvegliaTreni.app/SvegliaTreni";
			};
			name = Debug;
		};
		F5A846D61E6E1BD1008C7032 /* Release */ = {
			isa = XCBuildConfiguration;
			buildSettings = {
				BUNDLE_LOADER = "$(TEST_HOST)";
				INFOPLIST_FILE = SvegliaTreniTests/Info.plist;
				LD_RUNPATH_SEARCH_PATHS = "$(inherited) @executable_path/Frameworks @loader_path/Frameworks";
				PRODUCT_BUNDLE_IDENTIFIER = Adel.SvegliaTreniTests;
				PRODUCT_NAME = "$(TARGET_NAME)";
				SWIFT_VERSION = 3.0;
				TEST_HOST = "$(BUILT_PRODUCTS_DIR)/SvegliaTreni.app/SvegliaTreni";
			};
			name = Release;
		};
		F5A846D81E6E1BD1008C7032 /* Debug */ = {
			isa = XCBuildConfiguration;
			buildSettings = {
				INFOPLIST_FILE = SvegliaTreniUITests/Info.plist;
				LD_RUNPATH_SEARCH_PATHS = "$(inherited) @executable_path/Frameworks @loader_path/Frameworks";
				PRODUCT_BUNDLE_IDENTIFIER = Adel.SvegliaTreniUITests;
				PRODUCT_NAME = "$(TARGET_NAME)";
				SWIFT_VERSION = 3.0;
				TEST_TARGET_NAME = SvegliaTreni;
			};
			name = Debug;
		};
		F5A846D91E6E1BD1008C7032 /* Release */ = {
			isa = XCBuildConfiguration;
			buildSettings = {
				INFOPLIST_FILE = SvegliaTreniUITests/Info.plist;
				LD_RUNPATH_SEARCH_PATHS = "$(inherited) @executable_path/Frameworks @loader_path/Frameworks";
				PRODUCT_BUNDLE_IDENTIFIER = Adel.SvegliaTreniUITests;
				PRODUCT_NAME = "$(TARGET_NAME)";
				SWIFT_VERSION = 3.0;
				TEST_TARGET_NAME = SvegliaTreni;
			};
			name = Release;
		};
/* End XCBuildConfiguration section */

/* Begin XCConfigurationList section */
		F5A846A41E6E1BD1008C7032 /* Build configuration list for PBXProject "SvegliaTreni" */ = {
			isa = XCConfigurationList;
			buildConfigurations = (
				F5A846CF1E6E1BD1008C7032 /* Debug */,
				F5A846D01E6E1BD1008C7032 /* Release */,
			);
			defaultConfigurationIsVisible = 0;
			defaultConfigurationName = Release;
		};
		F5A846D11E6E1BD1008C7032 /* Build configuration list for PBXNativeTarget "SvegliaTreni" */ = {
			isa = XCConfigurationList;
			buildConfigurations = (
				F5A846D21E6E1BD1008C7032 /* Debug */,
				F5A846D31E6E1BD1008C7032 /* Release */,
			);
			defaultConfigurationIsVisible = 0;
			defaultConfigurationName = Release;
		};
		F5A846D41E6E1BD1008C7032 /* Build configuration list for PBXNativeTarget "SvegliaTreniTests" */ = {
			isa = XCConfigurationList;
			buildConfigurations = (
				F5A846D51E6E1BD1008C7032 /* Debug */,
				F5A846D61E6E1BD1008C7032 /* Release */,
			);
			defaultConfigurationIsVisible = 0;
			defaultConfigurationName = Release;
		};
		F5A846D71E6E1BD1008C7032 /* Build configuration list for PBXNativeTarget "SvegliaTreniUITests" */ = {
			isa = XCConfigurationList;
			buildConfigurations = (
				F5A846D81E6E1BD1008C7032 /* Debug */,
				F5A846D91E6E1BD1008C7032 /* Release */,
			);
			defaultConfigurationIsVisible = 0;
			defaultConfigurationName = Release;
		};
/* End XCConfigurationList section */
	};
	rootObject = F5A846A11E6E1BD1008C7032 /* Project object */;
}
